
Microsoft Visual Studio Solution File, Format Version 12.00
# Visual Studio Version 16
VisualStudioVersion = 25.0.1704.4
MinimumVisualStudioVersion = 10.0.40219.1
Project("{FAE04EC0-301F-11D3-BF4B-00C04F79EFBC}") = "Operatory", "Operatory\Operatory.csproj", "{842173D4-428D-4D08-8AFB-4C86D81896A5}"
EndProject
Project("{FAE04EC0-301F-11D3-BF4B-00C04F79EFBC}") = "OperatoryLogiczne", "OperatoryLogiczne\OperatoryLogiczne.csproj", "{8385FCE5-F38E-4C56-8C1A-8B2F76FE194A}"
EndProject
Global
	GlobalSection(SolutionConfigurationPlatforms) = preSolution
		Debug|Any CPU = Debug|Any CPU
		Release|Any CPU = Release|Any CPU
	EndGlobalSection
	GlobalSection(ProjectConfigurationPlatforms) = postSolution
		{842173D4-428D-4D08-8AFB-4C86D81896A5}.Debug|Any CPU.ActiveCfg = Debug|Any CPU
		{842173D4-428D-4D08-8AFB-4C86D81896A5}.Debug|Any CPU.Build.0 = Debug|Any CPU
		{842173D4-428D-4D08-8AFB-4C86D81896A5}.Release|Any CPU.ActiveCfg = Release|Any CPU
		{842173D4-428D-4D08-8AFB-4C86D81896A5}.Release|Any CPU.Build.0 = Release|Any CPU
		{8385FCE5-F38E-4C56-8C1A-8B2F76FE194A}.Debug|Any CPU.ActiveCfg = Debug|Any CPU
		{8385FCE5-F38E-4C56-8C1A-8B2F76FE194A}.Debug|Any CPU.Build.0 = Debug|Any CPU
		{8385FCE5-F38E-4C56-8C1A-8B2F76FE194A}.Release|Any CPU.ActiveCfg = Release|Any CPU
		{8385FCE5-F38E-4C56-8C1A-8B2F76FE194A}.Release|Any CPU.Build.0 = Release|Any CPU
	EndGlobalSection
	GlobalSection(SolutionProperties) = preSolution
		HideSolutionNode = FALSE
	EndGlobalSection
	GlobalSection(ExtensibilityGlobals) = postSolution
		SolutionGuid = {976BA464-4F90-4567-BBF6-3BFE859FD5F6}
	EndGlobalSection
EndGlobal
