
Microsoft Visual Studio Solution File, Format Version 12.00
# Visual Studio Version 16
VisualStudioVersion = 25.0.1704.4
MinimumVisualStudioVersion = 10.0.40219.1
Project("{FAE04EC0-301F-11D3-BF4B-00C04F79EFBC}") = "Operatory", "Operatory\Operatory.csproj", "{842173D4-428D-4D08-8AFB-4C86D81896A5}"
EndProject
Project("{FAE04EC0-301F-11D3-BF4B-00C04F79EFBC}") = "OperatoryLogiczne", "OperatoryLogiczne\OperatoryLogiczne.csproj", "{8385FCE5-F38E-4C56-8C1A-8B2F76FE194A}"
EndProject
Project("{FAE04EC0-301F-11D3-BF4B-00C04F79EFBC}") = "OperatoryBitowe", "OperatoryBitowe\OperatoryBitowe.csproj", "{90817BDF-3455-4D0C-9512-C7A7AE22F64D}"
EndProject
Project("{FAE04EC0-301F-11D3-BF4B-00C04F79EFBC}") = "InstrukcjeWyboru", "InstrukcjeWyboru\InstrukcjeWyboru.csproj", "{1CB9A01F-0A90-4316-A58B-1DB3373D7EBF}"
EndProject
Project("{FAE04EC0-301F-11D3-BF4B-00C04F79EFBC}") = "InstrukcjeIteracji", "InstrukcjeIteracji\InstrukcjeIteracji.csproj", "{162F935A-4D8B-4493-9AB3-152FF9A22308}"
EndProject
Project("{FAE04EC0-301F-11D3-BF4B-00C04F79EFBC}") = "RzutowanieKonwersja", "RzutowanieKonwersja\RzutowanieKonwersja.csproj", "{223D44F8-44BB-4B5C-A0DE-160EA3004BC3}"
EndProject
Project("{FAE04EC0-301F-11D3-BF4B-00C04F79EFBC}") = "WykrywaniePrzepełnień", "WykrywaniePrzepełnień\WykrywaniePrzepełnień.csproj", "{6AF6A584-9B3C-4EE3-BD84-064B486B3B8E}"
EndProject
Global
	GlobalSection(SolutionConfigurationPlatforms) = preSolution
		Debug|Any CPU = Debug|Any CPU
		Release|Any CPU = Release|Any CPU
	EndGlobalSection
	GlobalSection(ProjectConfigurationPlatforms) = postSolution
		{842173D4-428D-4D08-8AFB-4C86D81896A5}.Debug|Any CPU.ActiveCfg = Debug|Any CPU
		{842173D4-428D-4D08-8AFB-4C86D81896A5}.Debug|Any CPU.Build.0 = Debug|Any CPU
		{842173D4-428D-4D08-8AFB-4C86D81896A5}.Release|Any CPU.ActiveCfg = Release|Any CPU
		{842173D4-428D-4D08-8AFB-4C86D81896A5}.Release|Any CPU.Build.0 = Release|Any CPU
		{8385FCE5-F38E-4C56-8C1A-8B2F76FE194A}.Debug|Any CPU.ActiveCfg = Debug|Any CPU
		{8385FCE5-F38E-4C56-8C1A-8B2F76FE194A}.Debug|Any CPU.Build.0 = Debug|Any CPU
		{8385FCE5-F38E-4C56-8C1A-8B2F76FE194A}.Release|Any CPU.ActiveCfg = Release|Any CPU
		{8385FCE5-F38E-4C56-8C1A-8B2F76FE194A}.Release|Any CPU.Build.0 = Release|Any CPU
		{90817BDF-3455-4D0C-9512-C7A7AE22F64D}.Debug|Any CPU.ActiveCfg = Debug|Any CPU
		{90817BDF-3455-4D0C-9512-C7A7AE22F64D}.Debug|Any CPU.Build.0 = Debug|Any CPU
		{90817BDF-3455-4D0C-9512-C7A7AE22F64D}.Release|Any CPU.ActiveCfg = Release|Any CPU
		{90817BDF-3455-4D0C-9512-C7A7AE22F64D}.Release|Any CPU.Build.0 = Release|Any CPU
		{1CB9A01F-0A90-4316-A58B-1DB3373D7EBF}.Debug|Any CPU.ActiveCfg = Debug|Any CPU
		{1CB9A01F-0A90-4316-A58B-1DB3373D7EBF}.Debug|Any CPU.Build.0 = Debug|Any CPU
		{1CB9A01F-0A90-4316-A58B-1DB3373D7EBF}.Release|Any CPU.ActiveCfg = Release|Any CPU
		{1CB9A01F-0A90-4316-A58B-1DB3373D7EBF}.Release|Any CPU.Build.0 = Release|Any CPU
		{162F935A-4D8B-4493-9AB3-152FF9A22308}.Debug|Any CPU.ActiveCfg = Debug|Any CPU
		{162F935A-4D8B-4493-9AB3-152FF9A22308}.Debug|Any CPU.Build.0 = Debug|Any CPU
		{162F935A-4D8B-4493-9AB3-152FF9A22308}.Release|Any CPU.ActiveCfg = Release|Any CPU
		{162F935A-4D8B-4493-9AB3-152FF9A22308}.Release|Any CPU.Build.0 = Release|Any CPU
		{223D44F8-44BB-4B5C-A0DE-160EA3004BC3}.Debug|Any CPU.ActiveCfg = Debug|Any CPU
		{223D44F8-44BB-4B5C-A0DE-160EA3004BC3}.Debug|Any CPU.Build.0 = Debug|Any CPU
		{223D44F8-44BB-4B5C-A0DE-160EA3004BC3}.Release|Any CPU.ActiveCfg = Release|Any CPU
		{223D44F8-44BB-4B5C-A0DE-160EA3004BC3}.Release|Any CPU.Build.0 = Release|Any CPU
		{6AF6A584-9B3C-4EE3-BD84-064B486B3B8E}.Debug|Any CPU.ActiveCfg = Debug|Any CPU
		{6AF6A584-9B3C-4EE3-BD84-064B486B3B8E}.Debug|Any CPU.Build.0 = Debug|Any CPU
		{6AF6A584-9B3C-4EE3-BD84-064B486B3B8E}.Release|Any CPU.ActiveCfg = Release|Any CPU
		{6AF6A584-9B3C-4EE3-BD84-064B486B3B8E}.Release|Any CPU.Build.0 = Release|Any CPU
	EndGlobalSection
	GlobalSection(SolutionProperties) = preSolution
		HideSolutionNode = FALSE
	EndGlobalSection
	GlobalSection(ExtensibilityGlobals) = postSolution
		SolutionGuid = {976BA464-4F90-4567-BBF6-3BFE859FD5F6}
	EndGlobalSection
EndGlobal
